<?xml version="1.0" encoding="utf-8"?>
<Project ToolsVersion="18.0" xmlns="http://schemas.microsoft.com/developer/msbuild/2003">
  <ItemGroup>
    <ClCompile Include="C:\Users\asala\2025_20694928\Worksheet6\Project\build2\Project_autogen\mocs_compilation_Debug.cpp">
      <Filter>Source Files\Generated</Filter>
    </ClCompile>
    <ClCompile Include="C:\Users\asala\2025_20694928\Worksheet6\Project\main.cpp">
      <Filter>Source Files</Filter>
    </ClCompile>
    <ClCompile Include="C:\Users\asala\2025_20694928\Worksheet6\Project\mainwindow.cpp">
      <Filter>Source Files</Filter>
    </ClCompile>
    <ClCompile Include="C:\Users\asala\2025_20694928\Worksheet6\Project\ModelPart.cpp">
      <Filter>Source Files</Filter>
    </ClCompile>
    <ClCompile Include="C:\Users\asala\2025_20694928\Worksheet6\Project\ModelPartList.cpp">
      <Filter>Source Files</Filter>
    </ClCompile>
    <ClCompile Include="C:\Users\asala\2025_20694928\Worksheet6\Project\build2\Project_autogen\EWIEGA46WW_Debug\qrc_icons.cpp">
      <Filter>Source Files</Filter>
    </ClCompile>
    <ClCompile Include="C:\Users\asala\2025_20694928\Worksheet6\Project\build2\Project_autogen\mocs_compilation_Release.cpp">
      <Filter>Source Files\Generated</Filter>
    </ClCompile>
    <ClCompile Include="C:\Users\asala\2025_20694928\Worksheet6\Project\build2\Project_autogen\EWIEGA46WW_Release\qrc_icons.cpp">
      <Filter>Source Files</Filter>
    </ClCompile>
    <ClCompile Include="C:\Users\asala\2025_20694928\Worksheet6\Project\build2\Project_autogen\mocs_compilation_MinSizeRel.cpp">
      <Filter>Source Files\Generated</Filter>
    </ClCompile>
    <ClCompile Include="C:\Users\asala\2025_20694928\Worksheet6\Project\build2\Project_autogen\EWIEGA46WW_MinSizeRel\qrc_icons.cpp">
      <Filter>Source Files</Filter>
    </ClCompile>
    <ClCompile Include="C:\Users\asala\2025_20694928\Worksheet6\Project\build2\Project_autogen\mocs_compilation_RelWithDebInfo.cpp">
      <Filter>Source Files\Generated</Filter>
    </ClCompile>
    <ClCompile Include="C:\Users\asala\2025_20694928\Worksheet6\Project\build2\Project_autogen\EWIEGA46WW_RelWithDebInfo\qrc_icons.cpp">
      <Filter>Source Files</Filter>
    </ClCompile>
  </ItemGroup>
  <ItemGroup>
    <ClInclude Include="C:\Users\asala\2025_20694928\Worksheet6\Project\mainwindow.h">
      <Filter>Header Files</Filter>
    </ClInclude>
    <ClInclude Include="C:\Users\asala\2025_20694928\Worksheet6\Project\ModelPart.h">
      <Filter>Header Files</Filter>
    </ClInclude>
    <ClInclude Include="C:\Users\asala\2025_20694928\Worksheet6\Project\ModelPartList.h">
      <Filter>Header Files</Filter>
    </ClInclude>
    <ClInclude Include="C:\Users\asala\2025_20694928\Worksheet6\Project\build2\Project_autogen\include_Debug\ui_mainwindow.h">
      <Filter>Source Files\Generated</Filter>
    </ClInclude>
    <ClInclude Include="C:\Users\asala\2025_20694928\Worksheet6\Project\build2\Project_autogen\include_Release\ui_mainwindow.h">
      <Filter>Source Files\Generated</Filter>
    </ClInclude>
    <ClInclude Include="C:\Users\asala\2025_20694928\Worksheet6\Project\build2\Project_autogen\include_MinSizeRel\ui_mainwindow.h">
      <Filter>Source Files\Generated</Filter>
    </ClInclude>
    <ClInclude Include="C:\Users\asala\2025_20694928\Worksheet6\Project\build2\Project_autogen\include_RelWithDebInfo\ui_mainwindow.h">
      <Filter>Source Files\Generated</Filter>
    </ClInclude>
  </ItemGroup>
  <ItemGroup>
    <CustomBuild Include="C:\Users\asala\2025_20694928\Worksheet6\Project\build2\CMakeFiles\20b13ec85926c3d64a550e330979f8f9\autouic_(CONFIG).stamp.rule">
      <Filter>CMake Rules</Filter>
    </CustomBuild>
    <CustomBuild Include="C:\Users\asala\2025_20694928\Worksheet6\Project\build2\CMakeFiles\0b0246c4ce8e5a9d8bb4b271e7c79f3e\qrc_icons.cpp.rule">
      <Filter>CMake Rules</Filter>
    </CustomBuild>
    <CustomBuild Include="C:\Users\asala\2025_20694928\Worksheet6\Project\CMakeLists.txt" />
  </ItemGroup>
  <ItemGroup>
    <None Include="C:\Users\asala\2025_20694928\Worksheet6\Project\mainwindow.ui" />
    <None Include="C:\Users\asala\2025_20694928\Worksheet6\Project\icons.qrc" />
    <None Include="C:\Users\asala\2025_20694928\Worksheet6\Project\build2\Project_autogen\autouic_Debug.stamp">
      <Filter>Source Files\Generated</Filter>
    </None>
    <None Include="C:\Users\asala\2025_20694928\Worksheet6\Project\build2\Project_autogen\autouic_Release.stamp">
      <Filter>Source Files\Generated</Filter>
    </None>
    <None Include="C:\Users\asala\2025_20694928\Worksheet6\Project\build2\Project_autogen\autouic_MinSizeRel.stamp">
      <Filter>Source Files\Generated</Filter>
    </None>
    <None Include="C:\Users\asala\2025_20694928\Worksheet6\Project\build2\Project_autogen\autouic_RelWithDebInfo.stamp">
      <Filter>Source Files\Generated</Filter>
    </None>
  </ItemGroup>
  <ItemGroup>
    <Filter Include="CMake Rules">
      <UniqueIdentifier>{2FDDEFD8-9270-335B-B5F4-2529D36493B1}</UniqueIdentifier>
    </Filter>
    <Filter Include="Header Files">
      <UniqueIdentifier>{399E84C8-730F-356B-BFE9-8F94480565F6}</UniqueIdentifier>
    </Filter>
    <Filter Include="Source Files">
      <UniqueIdentifier>{290E38FA-8425-384E-B46A-A6EA70293897}</UniqueIdentifier>
    </Filter>
    <Filter Include="Source Files\Generated">
      <UniqueIdentifier>{39EE9499-2EAE-35A8-853B-97714C019BD4}</UniqueIdentifier>
    </Filter>
  </ItemGroup>
</Project>
